// !$*UTF8*$!
{
	archiveVersion = 1;
	classes = {
	};
	objectVersion = 50;
	objects = {

/* Begin PBXBuildFile section */
		7929FBFA22AFBADE003C1964 /* DungeonBuilder.framework in Frameworks */ = {isa = PBXBuildFile; fileRef = 7929FBF922AFBADE003C1964 /* DungeonBuilder.framework */; };
		7929FBFC22AFBAE7003C1964 /* DungeonBuilder.framework in Frameworks */ = {isa = PBXBuildFile; fileRef = 7929FBFB22AFBAE7003C1964 /* DungeonBuilder.framework */; };
		7929FBFE22AFBAED003C1964 /* DungeonBuilder.framework in Frameworks */ = {isa = PBXBuildFile; fileRef = 7929FBFD22AFBAED003C1964 /* DungeonBuilder.framework */; };
		7929FC0422B0002E003C1964 /* Fenris.framework in Frameworks */ = {isa = PBXBuildFile; fileRef = 7929FC0322B0002D003C1964 /* Fenris.framework */; };
		7929FC0622B00036003C1964 /* Fenris.framework in Frameworks */ = {isa = PBXBuildFile; fileRef = 7929FC0522B00036003C1964 /* Fenris.framework */; };
		7929FC0822B0003E003C1964 /* Fenris.framework in Frameworks */ = {isa = PBXBuildFile; fileRef = 7929FC0722B0003D003C1964 /* Fenris.framework */; };
		7939187D22B9447C00CE069C /* SceneBuilder.swift in Sources */ = {isa = PBXBuildFile; fileRef = 7939187C22B9447C00CE069C /* SceneBuilder.swift */; };
		7939187E22B9447C00CE069C /* SceneBuilder.swift in Sources */ = {isa = PBXBuildFile; fileRef = 7939187C22B9447C00CE069C /* SceneBuilder.swift */; };
		7939187F22B9447C00CE069C /* SceneBuilder.swift in Sources */ = {isa = PBXBuildFile; fileRef = 7939187C22B9447C00CE069C /* SceneBuilder.swift */; };
		79423B7A239E99CC0042B9BD /* HeroBuilder.swift in Sources */ = {isa = PBXBuildFile; fileRef = 79423B79239E99CC0042B9BD /* HeroBuilder.swift */; };
		79423B7B239E99CC0042B9BD /* HeroBuilder.swift in Sources */ = {isa = PBXBuildFile; fileRef = 79423B79239E99CC0042B9BD /* HeroBuilder.swift */; };
		79423B7C239E99CC0042B9BD /* HeroBuilder.swift in Sources */ = {isa = PBXBuildFile; fileRef = 79423B79239E99CC0042B9BD /* HeroBuilder.swift */; };
		794864D122A7E48400F84A72 /* GameView.swift in Sources */ = {isa = PBXBuildFile; fileRef = 794864D022A7E48400F84A72 /* GameView.swift */; };
		794864D322A7E60300F84A72 /* Game.swift in Sources */ = {isa = PBXBuildFile; fileRef = 794864D222A7E60300F84A72 /* Game.swift */; };
		794864D422A7E60300F84A72 /* Game.swift in Sources */ = {isa = PBXBuildFile; fileRef = 794864D222A7E60300F84A72 /* Game.swift */; };
		794864D522A7E60300F84A72 /* Game.swift in Sources */ = {isa = PBXBuildFile; fileRef = 794864D222A7E60300F84A72 /* Game.swift */; };
		795746B322A7C59A00E04BEC /* Level.swift in Sources */ = {isa = PBXBuildFile; fileRef = 795746B222A7C59A00E04BEC /* Level.swift */; };
		795746B422A7CA9800E04BEC /* Level.swift in Sources */ = {isa = PBXBuildFile; fileRef = 795746B222A7C59A00E04BEC /* Level.swift */; };
		795746B522A7CA9800E04BEC /* Level.swift in Sources */ = {isa = PBXBuildFile; fileRef = 795746B222A7C59A00E04BEC /* Level.swift */; };
		795746BB22A9029D00E04BEC /* Direction.swift in Sources */ = {isa = PBXBuildFile; fileRef = 795746BA22A9029D00E04BEC /* Direction.swift */; };
		795746BC22A9029D00E04BEC /* Direction.swift in Sources */ = {isa = PBXBuildFile; fileRef = 795746BA22A9029D00E04BEC /* Direction.swift */; };
		795746BD22A9029D00E04BEC /* Direction.swift in Sources */ = {isa = PBXBuildFile; fileRef = 795746BA22A9029D00E04BEC /* Direction.swift */; };
		7963DE2E239CC35F00183DF2 /* DefaultMenuConfiguration.swift in Sources */ = {isa = PBXBuildFile; fileRef = 7963DE2D239CC35F00183DF2 /* DefaultMenuConfiguration.swift */; };
		7963DE2F239CC35F00183DF2 /* DefaultMenuConfiguration.swift in Sources */ = {isa = PBXBuildFile; fileRef = 7963DE2D239CC35F00183DF2 /* DefaultMenuConfiguration.swift */; };
		7963DE30239CC35F00183DF2 /* DefaultMenuConfiguration.swift in Sources */ = {isa = PBXBuildFile; fileRef = 7963DE2D239CC35F00183DF2 /* DefaultMenuConfiguration.swift */; };
		7963DE32239CDE2600183DF2 /* Attribute.swift in Sources */ = {isa = PBXBuildFile; fileRef = 7963DE31239CDE2600183DF2 /* Attribute.swift */; };
		7963DE33239CDE2600183DF2 /* Attribute.swift in Sources */ = {isa = PBXBuildFile; fileRef = 7963DE31239CDE2600183DF2 /* Attribute.swift */; };
		7963DE34239CDE2600183DF2 /* Attribute.swift in Sources */ = {isa = PBXBuildFile; fileRef = 7963DE31239CDE2600183DF2 /* Attribute.swift */; };
		7963DE3A239CE12A00183DF2 /* Race.swift in Sources */ = {isa = PBXBuildFile; fileRef = 7963DE39239CE12A00183DF2 /* Race.swift */; };
		7963DE3B239CE12A00183DF2 /* Race.swift in Sources */ = {isa = PBXBuildFile; fileRef = 7963DE39239CE12A00183DF2 /* Race.swift */; };
		7963DE3C239CE12A00183DF2 /* Race.swift in Sources */ = {isa = PBXBuildFile; fileRef = 7963DE39239CE12A00183DF2 /* Race.swift */; };
		7963DE3E239CE15700183DF2 /* Role.swift in Sources */ = {isa = PBXBuildFile; fileRef = 7963DE3D239CE15700183DF2 /* Role.swift */; };
		7963DE3F239CE15700183DF2 /* Role.swift in Sources */ = {isa = PBXBuildFile; fileRef = 7963DE3D239CE15700183DF2 /* Role.swift */; };
		7963DE40239CE15700183DF2 /* Role.swift in Sources */ = {isa = PBXBuildFile; fileRef = 7963DE3D239CE15700183DF2 /* Role.swift */; };
		7963DE42239CEC6A00183DF2 /* Skill.swift in Sources */ = {isa = PBXBuildFile; fileRef = 7963DE41239CEC6A00183DF2 /* Skill.swift */; };
		7963DE43239CEC6A00183DF2 /* Skill.swift in Sources */ = {isa = PBXBuildFile; fileRef = 7963DE41239CEC6A00183DF2 /* Skill.swift */; };
		7963DE44239CEC6A00183DF2 /* Skill.swift in Sources */ = {isa = PBXBuildFile; fileRef = 7963DE41239CEC6A00183DF2 /* Skill.swift */; };
		7963DE46239D079300183DF2 /* Armor.swift in Sources */ = {isa = PBXBuildFile; fileRef = 7963DE45239D079300183DF2 /* Armor.swift */; };
		7963DE47239D079300183DF2 /* Armor.swift in Sources */ = {isa = PBXBuildFile; fileRef = 7963DE45239D079300183DF2 /* Armor.swift */; };
		7963DE48239D079300183DF2 /* Armor.swift in Sources */ = {isa = PBXBuildFile; fileRef = 7963DE45239D079300183DF2 /* Armor.swift */; };
		7963DE4A239D092300183DF2 /* Equipment.swift in Sources */ = {isa = PBXBuildFile; fileRef = 7963DE49239D092300183DF2 /* Equipment.swift */; };
		7963DE4B239D092300183DF2 /* Equipment.swift in Sources */ = {isa = PBXBuildFile; fileRef = 7963DE49239D092300183DF2 /* Equipment.swift */; };
		7963DE4C239D092300183DF2 /* Equipment.swift in Sources */ = {isa = PBXBuildFile; fileRef = 7963DE49239D092300183DF2 /* Equipment.swift */; };
		7963DE4E239DD2D600183DF2 /* HitPoints.swift in Sources */ = {isa = PBXBuildFile; fileRef = 7963DE4D239DD2D600183DF2 /* HitPoints.swift */; };
		7963DE4F239DD2D600183DF2 /* HitPoints.swift in Sources */ = {isa = PBXBuildFile; fileRef = 7963DE4D239DD2D600183DF2 /* HitPoints.swift */; };
		7963DE50239DD2D600183DF2 /* HitPoints.swift in Sources */ = {isa = PBXBuildFile; fileRef = 7963DE4D239DD2D600183DF2 /* HitPoints.swift */; };
		7963DE52239E3D2A00183DF2 /* ActionBar.swift in Sources */ = {isa = PBXBuildFile; fileRef = 7963DE51239E3D2A00183DF2 /* ActionBar.swift */; };
		7963DE53239E3D2A00183DF2 /* ActionBar.swift in Sources */ = {isa = PBXBuildFile; fileRef = 7963DE51239E3D2A00183DF2 /* ActionBar.swift */; };
		7963DE54239E3D2A00183DF2 /* ActionBar.swift in Sources */ = {isa = PBXBuildFile; fileRef = 7963DE51239E3D2A00183DF2 /* ActionBar.swift */; };
		7963DE57239E456900183DF2 /* ActionBarButton.swift in Sources */ = {isa = PBXBuildFile; fileRef = 7963DE56239E456900183DF2 /* ActionBarButton.swift */; };
		7963DE58239E456900183DF2 /* ActionBarButton.swift in Sources */ = {isa = PBXBuildFile; fileRef = 7963DE56239E456900183DF2 /* ActionBarButton.swift */; };
		7963DE59239E456900183DF2 /* ActionBarButton.swift in Sources */ = {isa = PBXBuildFile; fileRef = 7963DE56239E456900183DF2 /* ActionBarButton.swift */; };
		79742A66239E5AF6008504E8 /* Shield.swift in Sources */ = {isa = PBXBuildFile; fileRef = 79742A65239E5AF6008504E8 /* Shield.swift */; };
		79742A67239E5AF6008504E8 /* Shield.swift in Sources */ = {isa = PBXBuildFile; fileRef = 79742A65239E5AF6008504E8 /* Shield.swift */; };
		79742A68239E5AF6008504E8 /* Shield.swift in Sources */ = {isa = PBXBuildFile; fileRef = 79742A65239E5AF6008504E8 /* Shield.swift */; };
		79742A6A239E60A7008504E8 /* Gender.swift in Sources */ = {isa = PBXBuildFile; fileRef = 79742A69239E60A7008504E8 /* Gender.swift */; };
		79742A6B239E60A7008504E8 /* Gender.swift in Sources */ = {isa = PBXBuildFile; fileRef = 79742A69239E60A7008504E8 /* Gender.swift */; };
		79742A6C239E60A7008504E8 /* Gender.swift in Sources */ = {isa = PBXBuildFile; fileRef = 79742A69239E60A7008504E8 /* Gender.swift */; };
		797DBF7B22A91FA300D0F8E7 /* Sprites.xcassets in Resources */ = {isa = PBXBuildFile; fileRef = 797DBF7A22A91FA300D0F8E7 /* Sprites.xcassets */; };
		797DBF7C22A91FA300D0F8E7 /* Sprites.xcassets in Resources */ = {isa = PBXBuildFile; fileRef = 797DBF7A22A91FA300D0F8E7 /* Sprites.xcassets */; };
		797DBF7D22A91FA300D0F8E7 /* Sprites.xcassets in Resources */ = {isa = PBXBuildFile; fileRef = 797DBF7A22A91FA300D0F8E7 /* Sprites.xcassets */; };
		797DBFBF22AF752D00D0F8E7 /* Actor.swift in Sources */ = {isa = PBXBuildFile; fileRef = 797DBFBE22AF752D00D0F8E7 /* Actor.swift */; };
		797DBFC022AF752D00D0F8E7 /* Actor.swift in Sources */ = {isa = PBXBuildFile; fileRef = 797DBFBE22AF752D00D0F8E7 /* Actor.swift */; };
		797DBFC122AF752D00D0F8E7 /* Actor.swift in Sources */ = {isa = PBXBuildFile; fileRef = 797DBFBE22AF752D00D0F8E7 /* Actor.swift */; };
		797DBFC322AF753B00D0F8E7 /* Hero.swift in Sources */ = {isa = PBXBuildFile; fileRef = 797DBFC222AF753B00D0F8E7 /* Hero.swift */; };
		797DBFC422AF753B00D0F8E7 /* Hero.swift in Sources */ = {isa = PBXBuildFile; fileRef = 797DBFC222AF753B00D0F8E7 /* Hero.swift */; };
		797DBFC522AF753B00D0F8E7 /* Hero.swift in Sources */ = {isa = PBXBuildFile; fileRef = 797DBFC222AF753B00D0F8E7 /* Hero.swift */; };
		79ACC7DE22AA5BE900AC3BF0 /* Data in Resources */ = {isa = PBXBuildFile; fileRef = 79ACC7DD22AA5BE900AC3BF0 /* Data */; };
		79ACC7DF22AA5BE900AC3BF0 /* Data in Resources */ = {isa = PBXBuildFile; fileRef = 79ACC7DD22AA5BE900AC3BF0 /* Data */; };
		79ACC7E022AA5BE900AC3BF0 /* Data in Resources */ = {isa = PBXBuildFile; fileRef = 79ACC7DD22AA5BE900AC3BF0 /* Data */; };
		79ACC7E922AA5D5900AC3BF0 /* Tile.swift in Sources */ = {isa = PBXBuildFile; fileRef = 79ACC7E822AA5D5900AC3BF0 /* Tile.swift */; };
		79ACC7EA22AA5D5900AC3BF0 /* Tile.swift in Sources */ = {isa = PBXBuildFile; fileRef = 79ACC7E822AA5D5900AC3BF0 /* Tile.swift */; };
		79ACC7EB22AA5D5900AC3BF0 /* Tile.swift in Sources */ = {isa = PBXBuildFile; fileRef = 79ACC7E822AA5D5900AC3BF0 /* Tile.swift */; };
		79ACC7ED22AA5D8700AC3BF0 /* EntityLoader.swift in Sources */ = {isa = PBXBuildFile; fileRef = 79ACC7EC22AA5D8700AC3BF0 /* EntityLoader.swift */; };
		79ACC7EE22AA5D8700AC3BF0 /* EntityLoader.swift in Sources */ = {isa = PBXBuildFile; fileRef = 79ACC7EC22AA5D8700AC3BF0 /* EntityLoader.swift */; };
		79ACC7EF22AA5D8700AC3BF0 /* EntityLoader.swift in Sources */ = {isa = PBXBuildFile; fileRef = 79ACC7EC22AA5D8700AC3BF0 /* EntityLoader.swift */; };
		79ACC7F122AA60E300AC3BF0 /* EntityFactory.swift in Sources */ = {isa = PBXBuildFile; fileRef = 79ACC7F022AA60E300AC3BF0 /* EntityFactory.swift */; };
		79ACC7F222AA60E300AC3BF0 /* EntityFactory.swift in Sources */ = {isa = PBXBuildFile; fileRef = 79ACC7F022AA60E300AC3BF0 /* EntityFactory.swift */; };
		79ACC7F322AA60E300AC3BF0 /* EntityFactory.swift in Sources */ = {isa = PBXBuildFile; fileRef = 79ACC7F022AA60E300AC3BF0 /* EntityFactory.swift */; };
		79ACC7FC22AAA4B800AC3BF0 /* Entity.swift in Sources */ = {isa = PBXBuildFile; fileRef = 79ACC7F922AAA4B800AC3BF0 /* Entity.swift */; };
		79ACC7FD22AAA4B800AC3BF0 /* Entity.swift in Sources */ = {isa = PBXBuildFile; fileRef = 79ACC7F922AAA4B800AC3BF0 /* Entity.swift */; };
		79ACC7FE22AAA4B800AC3BF0 /* Entity.swift in Sources */ = {isa = PBXBuildFile; fileRef = 79ACC7F922AAA4B800AC3BF0 /* Entity.swift */; };
		79ACC7FF22AAA4B800AC3BF0 /* Monster.swift in Sources */ = {isa = PBXBuildFile; fileRef = 79ACC7FA22AAA4B800AC3BF0 /* Monster.swift */; };
		79ACC80022AAA4B800AC3BF0 /* Monster.swift in Sources */ = {isa = PBXBuildFile; fileRef = 79ACC7FA22AAA4B800AC3BF0 /* Monster.swift */; };
		79ACC80122AAA4B800AC3BF0 /* Monster.swift in Sources */ = {isa = PBXBuildFile; fileRef = 79ACC7FA22AAA4B800AC3BF0 /* Monster.swift */; };
		79ACC81622AAB5D700AC3BF0 /* Weapon.swift in Sources */ = {isa = PBXBuildFile; fileRef = 79ACC81522AAB5D600AC3BF0 /* Weapon.swift */; };
		79ACC81722AAB5D700AC3BF0 /* Weapon.swift in Sources */ = {isa = PBXBuildFile; fileRef = 79ACC81522AAB5D600AC3BF0 /* Weapon.swift */; };
		79ACC81822AAB5D700AC3BF0 /* Weapon.swift in Sources */ = {isa = PBXBuildFile; fileRef = 79ACC81522AAB5D600AC3BF0 /* Weapon.swift */; };
		79ACC81A22AAB6F100AC3BF0 /* HitDice.swift in Sources */ = {isa = PBXBuildFile; fileRef = 79ACC81922AAB6F100AC3BF0 /* HitDice.swift */; };
		79ACC81B22AAB6F100AC3BF0 /* HitDice.swift in Sources */ = {isa = PBXBuildFile; fileRef = 79ACC81922AAB6F100AC3BF0 /* HitDice.swift */; };
		79ACC81C22AAB6F100AC3BF0 /* HitDice.swift in Sources */ = {isa = PBXBuildFile; fileRef = 79ACC81922AAB6F100AC3BF0 /* HitDice.swift */; };
		79ACC81E22AB473200AC3BF0 /* Action.swift in Sources */ = {isa = PBXBuildFile; fileRef = 79ACC81D22AB473200AC3BF0 /* Action.swift */; };
		79ACC81F22AB473200AC3BF0 /* Action.swift in Sources */ = {isa = PBXBuildFile; fileRef = 79ACC81D22AB473200AC3BF0 /* Action.swift */; };
		79ACC82022AB473200AC3BF0 /* Action.swift in Sources */ = {isa = PBXBuildFile; fileRef = 79ACC81D22AB473200AC3BF0 /* Action.swift */; };
		79ACC82A22AB81F000AC3BF0 /* JSONConstructable.swift in Sources */ = {isa = PBXBuildFile; fileRef = 79ACC82922AB81F000AC3BF0 /* JSONConstructable.swift */; };
		79ACC82B22AB81F000AC3BF0 /* JSONConstructable.swift in Sources */ = {isa = PBXBuildFile; fileRef = 79ACC82922AB81F000AC3BF0 /* JSONConstructable.swift */; };
		79ACC82C22AB81F000AC3BF0 /* JSONConstructable.swift in Sources */ = {isa = PBXBuildFile; fileRef = 79ACC82922AB81F000AC3BF0 /* JSONConstructable.swift */; };
		79C61A7922A7C415008D3609 /* AppDelegate.swift in Sources */ = {isa = PBXBuildFile; fileRef = 79C61A7822A7C415008D3609 /* AppDelegate.swift */; };
		79C61A7B22A7C415008D3609 /* GameViewController.swift in Sources */ = {isa = PBXBuildFile; fileRef = 79C61A7A22A7C415008D3609 /* GameViewController.swift */; };
		79C61A7E22A7C415008D3609 /* Main.storyboard in Resources */ = {isa = PBXBuildFile; fileRef = 79C61A7C22A7C415008D3609 /* Main.storyboard */; };
		79C61A8122A7C415008D3609 /* LaunchScreen.storyboard in Resources */ = {isa = PBXBuildFile; fileRef = 79C61A7F22A7C415008D3609 /* LaunchScreen.storyboard */; };
		79C61A8A22A7C415008D3609 /* AppDelegate.swift in Sources */ = {isa = PBXBuildFile; fileRef = 79C61A8922A7C415008D3609 /* AppDelegate.swift */; };
		79C61A8C22A7C415008D3609 /* GameViewController.swift in Sources */ = {isa = PBXBuildFile; fileRef = 79C61A8B22A7C415008D3609 /* GameViewController.swift */; };
		79C61A8F22A7C415008D3609 /* Main.storyboard in Resources */ = {isa = PBXBuildFile; fileRef = 79C61A8D22A7C415008D3609 /* Main.storyboard */; };
		79C61A9822A7C415008D3609 /* AppDelegate.swift in Sources */ = {isa = PBXBuildFile; fileRef = 79C61A9722A7C415008D3609 /* AppDelegate.swift */; };
		79C61A9A22A7C415008D3609 /* GameViewController.swift in Sources */ = {isa = PBXBuildFile; fileRef = 79C61A9922A7C415008D3609 /* GameViewController.swift */; };
		79C61A9D22A7C415008D3609 /* Main.storyboard in Resources */ = {isa = PBXBuildFile; fileRef = 79C61A9B22A7C415008D3609 /* Main.storyboard */; };
		79C61AA522A7C415008D3609 /* GameScene.swift in Sources */ = {isa = PBXBuildFile; fileRef = 79C61A6F22A7C413008D3609 /* GameScene.swift */; };
		79C61AA622A7C415008D3609 /* GameScene.swift in Sources */ = {isa = PBXBuildFile; fileRef = 79C61A6F22A7C413008D3609 /* GameScene.swift */; };
		79C61AA722A7C415008D3609 /* GameScene.swift in Sources */ = {isa = PBXBuildFile; fileRef = 79C61A6F22A7C413008D3609 /* GameScene.swift */; };
		79C61AA822A7C415008D3609 /* Assets.xcassets in Resources */ = {isa = PBXBuildFile; fileRef = 79C61A7022A7C415008D3609 /* Assets.xcassets */; };
		79C61AA922A7C415008D3609 /* Assets.xcassets in Resources */ = {isa = PBXBuildFile; fileRef = 79C61A7022A7C415008D3609 /* Assets.xcassets */; };
		79C61AAA22A7C415008D3609 /* Assets.xcassets in Resources */ = {isa = PBXBuildFile; fileRef = 79C61A7022A7C415008D3609 /* Assets.xcassets */; };
/* End PBXBuildFile section */

/* Begin PBXFileReference section */
		7929FBF922AFBADE003C1964 /* DungeonBuilder.framework */ = {isa = PBXFileReference; lastKnownFileType = wrapper.framework; name = DungeonBuilder.framework; path = Carthage/Build/iOS/DungeonBuilder.framework; sourceTree = SOURCE_ROOT; };
		7929FBFB22AFBAE7003C1964 /* DungeonBuilder.framework */ = {isa = PBXFileReference; lastKnownFileType = wrapper.framework; name = DungeonBuilder.framework; path = Carthage/Build/Mac/DungeonBuilder.framework; sourceTree = SOURCE_ROOT; };
		7929FBFD22AFBAED003C1964 /* DungeonBuilder.framework */ = {isa = PBXFileReference; lastKnownFileType = wrapper.framework; name = DungeonBuilder.framework; path = Carthage/Build/tvOS/DungeonBuilder.framework; sourceTree = SOURCE_ROOT; };
		7929FC0322B0002D003C1964 /* Fenris.framework */ = {isa = PBXFileReference; lastKnownFileType = wrapper.framework; name = Fenris.framework; path = Carthage/Build/Mac/Fenris.framework; sourceTree = SOURCE_ROOT; };
		7929FC0522B00036003C1964 /* Fenris.framework */ = {isa = PBXFileReference; lastKnownFileType = wrapper.framework; name = Fenris.framework; path = Carthage/Build/tvOS/Fenris.framework; sourceTree = SOURCE_ROOT; };
		7929FC0722B0003D003C1964 /* Fenris.framework */ = {isa = PBXFileReference; lastKnownFileType = wrapper.framework; name = Fenris.framework; path = Carthage/Build/iOS/Fenris.framework; sourceTree = SOURCE_ROOT; };
		7939187C22B9447C00CE069C /* SceneBuilder.swift */ = {isa = PBXFileReference; lastKnownFileType = sourcecode.swift; path = SceneBuilder.swift; sourceTree = "<group>"; };
		79423B79239E99CC0042B9BD /* HeroBuilder.swift */ = {isa = PBXFileReference; lastKnownFileType = sourcecode.swift; path = HeroBuilder.swift; sourceTree = "<group>"; };
		794864D022A7E48400F84A72 /* GameView.swift */ = {isa = PBXFileReference; lastKnownFileType = sourcecode.swift; path = GameView.swift; sourceTree = "<group>"; };
		794864D222A7E60300F84A72 /* Game.swift */ = {isa = PBXFileReference; lastKnownFileType = sourcecode.swift; path = Game.swift; sourceTree = "<group>"; };
		795746B222A7C59A00E04BEC /* Level.swift */ = {isa = PBXFileReference; lastKnownFileType = sourcecode.swift; path = Level.swift; sourceTree = "<group>"; };
		795746BA22A9029D00E04BEC /* Direction.swift */ = {isa = PBXFileReference; lastKnownFileType = sourcecode.swift; path = Direction.swift; sourceTree = "<group>"; };
		7963DE2D239CC35F00183DF2 /* DefaultMenuConfiguration.swift */ = {isa = PBXFileReference; lastKnownFileType = sourcecode.swift; path = DefaultMenuConfiguration.swift; sourceTree = "<group>"; };
		7963DE31239CDE2600183DF2 /* Attribute.swift */ = {isa = PBXFileReference; lastKnownFileType = sourcecode.swift; path = Attribute.swift; sourceTree = "<group>"; };
		7963DE39239CE12A00183DF2 /* Race.swift */ = {isa = PBXFileReference; lastKnownFileType = sourcecode.swift; path = Race.swift; sourceTree = "<group>"; };
		7963DE3D239CE15700183DF2 /* Role.swift */ = {isa = PBXFileReference; lastKnownFileType = sourcecode.swift; path = Role.swift; sourceTree = "<group>"; };
		7963DE41239CEC6A00183DF2 /* Skill.swift */ = {isa = PBXFileReference; lastKnownFileType = sourcecode.swift; path = Skill.swift; sourceTree = "<group>"; };
		7963DE45239D079300183DF2 /* Armor.swift */ = {isa = PBXFileReference; lastKnownFileType = sourcecode.swift; name = Armor.swift; path = "Quest Shared/Armor.swift"; sourceTree = SOURCE_ROOT; };
		7963DE49239D092300183DF2 /* Equipment.swift */ = {isa = PBXFileReference; lastKnownFileType = sourcecode.swift; path = Equipment.swift; sourceTree = "<group>"; };
		7963DE4D239DD2D600183DF2 /* HitPoints.swift */ = {isa = PBXFileReference; lastKnownFileType = sourcecode.swift; path = HitPoints.swift; sourceTree = "<group>"; };
		7963DE51239E3D2A00183DF2 /* ActionBar.swift */ = {isa = PBXFileReference; lastKnownFileType = sourcecode.swift; path = ActionBar.swift; sourceTree = "<group>"; };
		7963DE56239E456900183DF2 /* ActionBarButton.swift */ = {isa = PBXFileReference; lastKnownFileType = sourcecode.swift; path = ActionBarButton.swift; sourceTree = "<group>"; };
		79742A65239E5AF6008504E8 /* Shield.swift */ = {isa = PBXFileReference; lastKnownFileType = sourcecode.swift; name = Shield.swift; path = "Quest Shared/Hud/Shield.swift"; sourceTree = SOURCE_ROOT; };
		79742A69239E60A7008504E8 /* Gender.swift */ = {isa = PBXFileReference; lastKnownFileType = sourcecode.swift; path = Gender.swift; sourceTree = "<group>"; };
		797DBF7A22A91FA300D0F8E7 /* Sprites.xcassets */ = {isa = PBXFileReference; lastKnownFileType = folder.assetcatalog; path = Sprites.xcassets; sourceTree = "<group>"; };
		797DBFBE22AF752D00D0F8E7 /* Actor.swift */ = {isa = PBXFileReference; fileEncoding = 4; lastKnownFileType = sourcecode.swift; name = Actor.swift; path = "Quest Shared/Actor.swift"; sourceTree = SOURCE_ROOT; };
		797DBFC222AF753B00D0F8E7 /* Hero.swift */ = {isa = PBXFileReference; fileEncoding = 4; lastKnownFileType = sourcecode.swift; name = Hero.swift; path = "Quest Shared/Hero.swift"; sourceTree = SOURCE_ROOT; };
		79ACC7DD22AA5BE900AC3BF0 /* Data */ = {isa = PBXFileReference; lastKnownFileType = folder; path = Data; sourceTree = "<group>"; };
		79ACC7E822AA5D5900AC3BF0 /* Tile.swift */ = {isa = PBXFileReference; lastKnownFileType = sourcecode.swift; name = Tile.swift; path = "Quest Shared/Tile.swift"; sourceTree = SOURCE_ROOT; };
		79ACC7EC22AA5D8700AC3BF0 /* EntityLoader.swift */ = {isa = PBXFileReference; lastKnownFileType = sourcecode.swift; path = EntityLoader.swift; sourceTree = "<group>"; };
		79ACC7F022AA60E300AC3BF0 /* EntityFactory.swift */ = {isa = PBXFileReference; lastKnownFileType = sourcecode.swift; path = EntityFactory.swift; sourceTree = "<group>"; };
		79ACC7F922AAA4B800AC3BF0 /* Entity.swift */ = {isa = PBXFileReference; fileEncoding = 4; lastKnownFileType = sourcecode.swift; name = Entity.swift; path = "Quest Shared/Entity.swift"; sourceTree = SOURCE_ROOT; };
		79ACC7FA22AAA4B800AC3BF0 /* Monster.swift */ = {isa = PBXFileReference; fileEncoding = 4; lastKnownFileType = sourcecode.swift; name = Monster.swift; path = "Quest Shared/Monster.swift"; sourceTree = SOURCE_ROOT; };
		79ACC81522AAB5D600AC3BF0 /* Weapon.swift */ = {isa = PBXFileReference; fileEncoding = 4; lastKnownFileType = sourcecode.swift; name = Weapon.swift; path = "Quest Shared/Weapon.swift"; sourceTree = SOURCE_ROOT; };
		79ACC81922AAB6F100AC3BF0 /* HitDice.swift */ = {isa = PBXFileReference; lastKnownFileType = sourcecode.swift; path = HitDice.swift; sourceTree = "<group>"; };
		79ACC81D22AB473200AC3BF0 /* Action.swift */ = {isa = PBXFileReference; lastKnownFileType = sourcecode.swift; path = Action.swift; sourceTree = "<group>"; };
		79ACC82922AB81F000AC3BF0 /* JSONConstructable.swift */ = {isa = PBXFileReference; lastKnownFileType = sourcecode.swift; path = JSONConstructable.swift; sourceTree = "<group>"; };
		79C61A6F22A7C413008D3609 /* GameScene.swift */ = {isa = PBXFileReference; lastKnownFileType = sourcecode.swift; path = GameScene.swift; sourceTree = "<group>"; };
		79C61A7022A7C415008D3609 /* Assets.xcassets */ = {isa = PBXFileReference; lastKnownFileType = folder.assetcatalog; path = Assets.xcassets; sourceTree = "<group>"; };
		79C61A7522A7C415008D3609 /* Quest.app */ = {isa = PBXFileReference; explicitFileType = wrapper.application; includeInIndex = 0; path = Quest.app; sourceTree = BUILT_PRODUCTS_DIR; };
		79C61A7822A7C415008D3609 /* AppDelegate.swift */ = {isa = PBXFileReference; lastKnownFileType = sourcecode.swift; path = AppDelegate.swift; sourceTree = "<group>"; };
		79C61A7A22A7C415008D3609 /* GameViewController.swift */ = {isa = PBXFileReference; lastKnownFileType = sourcecode.swift; path = GameViewController.swift; sourceTree = "<group>"; };
		79C61A7D22A7C415008D3609 /* Base */ = {isa = PBXFileReference; lastKnownFileType = file.storyboard; name = Base; path = Base.lproj/Main.storyboard; sourceTree = "<group>"; };
		79C61A8022A7C415008D3609 /* Base */ = {isa = PBXFileReference; lastKnownFileType = file.storyboard; name = Base; path = Base.lproj/LaunchScreen.storyboard; sourceTree = "<group>"; };
		79C61A8222A7C415008D3609 /* Info.plist */ = {isa = PBXFileReference; lastKnownFileType = text.plist.xml; path = Info.plist; sourceTree = "<group>"; };
		79C61A8722A7C415008D3609 /* Quest.app */ = {isa = PBXFileReference; explicitFileType = wrapper.application; includeInIndex = 0; path = Quest.app; sourceTree = BUILT_PRODUCTS_DIR; };
		79C61A8922A7C415008D3609 /* AppDelegate.swift */ = {isa = PBXFileReference; lastKnownFileType = sourcecode.swift; path = AppDelegate.swift; sourceTree = "<group>"; };
		79C61A8B22A7C415008D3609 /* GameViewController.swift */ = {isa = PBXFileReference; lastKnownFileType = sourcecode.swift; path = GameViewController.swift; sourceTree = "<group>"; };
		79C61A8E22A7C415008D3609 /* Base */ = {isa = PBXFileReference; lastKnownFileType = file.storyboard; name = Base; path = Base.lproj/Main.storyboard; sourceTree = "<group>"; };
		79C61A9022A7C415008D3609 /* Info.plist */ = {isa = PBXFileReference; lastKnownFileType = text.plist.xml; path = Info.plist; sourceTree = "<group>"; };
		79C61A9522A7C415008D3609 /* Quest.app */ = {isa = PBXFileReference; explicitFileType = wrapper.application; includeInIndex = 0; path = Quest.app; sourceTree = BUILT_PRODUCTS_DIR; };
		79C61A9722A7C415008D3609 /* AppDelegate.swift */ = {isa = PBXFileReference; lastKnownFileType = sourcecode.swift; path = AppDelegate.swift; sourceTree = "<group>"; };
		79C61A9922A7C415008D3609 /* GameViewController.swift */ = {isa = PBXFileReference; lastKnownFileType = sourcecode.swift; path = GameViewController.swift; sourceTree = "<group>"; };
		79C61A9C22A7C415008D3609 /* Base */ = {isa = PBXFileReference; lastKnownFileType = file.storyboard; name = Base; path = Base.lproj/Main.storyboard; sourceTree = "<group>"; };
		79C61A9E22A7C415008D3609 /* Info.plist */ = {isa = PBXFileReference; lastKnownFileType = text.plist.xml; path = Info.plist; sourceTree = "<group>"; };
/* End PBXFileReference section */

/* Begin PBXFrameworksBuildPhase section */
		79C61A7222A7C415008D3609 /* Frameworks */ = {
			isa = PBXFrameworksBuildPhase;
			buildActionMask = 2147483647;
			files = (
				7929FBFA22AFBADE003C1964 /* DungeonBuilder.framework in Frameworks */,
				7929FC0822B0003E003C1964 /* Fenris.framework in Frameworks */,
			);
			runOnlyForDeploymentPostprocessing = 0;
		};
		79C61A8422A7C415008D3609 /* Frameworks */ = {
			isa = PBXFrameworksBuildPhase;
			buildActionMask = 2147483647;
			files = (
				7929FBFE22AFBAED003C1964 /* DungeonBuilder.framework in Frameworks */,
				7929FC0622B00036003C1964 /* Fenris.framework in Frameworks */,
			);
			runOnlyForDeploymentPostprocessing = 0;
		};
		79C61A9222A7C415008D3609 /* Frameworks */ = {
			isa = PBXFrameworksBuildPhase;
			buildActionMask = 2147483647;
			files = (
				7929FBFC22AFBAE7003C1964 /* DungeonBuilder.framework in Frameworks */,
				7929FC0422B0002E003C1964 /* Fenris.framework in Frameworks */,
			);
			runOnlyForDeploymentPostprocessing = 0;
		};
/* End PBXFrameworksBuildPhase section */

/* Begin PBXGroup section */
		7963DE55239E455400183DF2 /* Hud */ = {
			isa = PBXGroup;
			children = (
				7963DE51239E3D2A00183DF2 /* ActionBar.swift */,
				7963DE56239E456900183DF2 /* ActionBarButton.swift */,
			);
			path = Hud;
			sourceTree = "<group>";
		};
		79742A64239E58C7008504E8 /* Types */ = {
			isa = PBXGroup;
			children = (
				7963DE31239CDE2600183DF2 /* Attribute.swift */,
				7963DE39239CE12A00183DF2 /* Race.swift */,
				7963DE3D239CE15700183DF2 /* Role.swift */,
				7963DE41239CEC6A00183DF2 /* Skill.swift */,
				7963DE49239D092300183DF2 /* Equipment.swift */,
				7963DE4D239DD2D600183DF2 /* HitPoints.swift */,
				79742A69239E60A7008504E8 /* Gender.swift */,
				79ACC81922AAB6F100AC3BF0 /* HitDice.swift */,
				795746BA22A9029D00E04BEC /* Direction.swift */,
			);
			path = Types;
			sourceTree = "<group>";
		};
		79ACC7E322AA5D1400AC3BF0 /* Entities */ = {
			isa = PBXGroup;
			children = (
				797DBFC222AF753B00D0F8E7 /* Hero.swift */,
				797DBFBE22AF752D00D0F8E7 /* Actor.swift */,
				79ACC7F922AAA4B800AC3BF0 /* Entity.swift */,
				79ACC81522AAB5D600AC3BF0 /* Weapon.swift */,
				79ACC7FA22AAA4B800AC3BF0 /* Monster.swift */,
				79ACC7E822AA5D5900AC3BF0 /* Tile.swift */,
				7963DE45239D079300183DF2 /* Armor.swift */,
				79742A65239E5AF6008504E8 /* Shield.swift */,
			);
			path = Entities;
			sourceTree = "<group>";
		};
		79C61A6722A7C413008D3609 = {
			isa = PBXGroup;
			children = (
				79ACC7DD22AA5BE900AC3BF0 /* Data */,
				79C61A6C22A7C413008D3609 /* Quest Shared */,
				79C61A7722A7C415008D3609 /* Quest iOS */,
				79C61A8822A7C415008D3609 /* Quest tvOS */,
				79C61A9622A7C415008D3609 /* Quest macOS */,
				79C61A7622A7C415008D3609 /* Products */,
			);
			sourceTree = "<group>";
		};
		79C61A6C22A7C413008D3609 /* Quest Shared */ = {
			isa = PBXGroup;
			children = (
				79742A64239E58C7008504E8 /* Types */,
				7963DE55239E455400183DF2 /* Hud */,
				79ACC7E322AA5D1400AC3BF0 /* Entities */,
				79C61A6F22A7C413008D3609 /* GameScene.swift */,
				79C61A7022A7C415008D3609 /* Assets.xcassets */,
				795746B222A7C59A00E04BEC /* Level.swift */,
				794864D222A7E60300F84A72 /* Game.swift */,
				797DBF7A22A91FA300D0F8E7 /* Sprites.xcassets */,
				79ACC7EC22AA5D8700AC3BF0 /* EntityLoader.swift */,
				79ACC7F022AA60E300AC3BF0 /* EntityFactory.swift */,
				79ACC81D22AB473200AC3BF0 /* Action.swift */,
				79ACC82922AB81F000AC3BF0 /* JSONConstructable.swift */,
				7939187C22B9447C00CE069C /* SceneBuilder.swift */,
				7963DE2D239CC35F00183DF2 /* DefaultMenuConfiguration.swift */,
				79423B79239E99CC0042B9BD /* HeroBuilder.swift */,
			);
			path = "Quest Shared";
			sourceTree = "<group>";
		};
		79C61A7622A7C415008D3609 /* Products */ = {
			isa = PBXGroup;
			children = (
				79C61A7522A7C415008D3609 /* Quest.app */,
				79C61A8722A7C415008D3609 /* Quest.app */,
				79C61A9522A7C415008D3609 /* Quest.app */,
			);
			name = Products;
			sourceTree = "<group>";
		};
		79C61A7722A7C415008D3609 /* Quest iOS */ = {
			isa = PBXGroup;
			children = (
				7929FC0722B0003D003C1964 /* Fenris.framework */,
				7929FBF922AFBADE003C1964 /* DungeonBuilder.framework */,
				79C61A7822A7C415008D3609 /* AppDelegate.swift */,
				79C61A7A22A7C415008D3609 /* GameViewController.swift */,
				79C61A7C22A7C415008D3609 /* Main.storyboard */,
				79C61A7F22A7C415008D3609 /* LaunchScreen.storyboard */,
				79C61A8222A7C415008D3609 /* Info.plist */,
			);
			path = "Quest iOS";
			sourceTree = "<group>";
		};
		79C61A8822A7C415008D3609 /* Quest tvOS */ = {
			isa = PBXGroup;
			children = (
				7929FC0522B00036003C1964 /* Fenris.framework */,
				7929FBFD22AFBAED003C1964 /* DungeonBuilder.framework */,
				79C61A8922A7C415008D3609 /* AppDelegate.swift */,
				79C61A8B22A7C415008D3609 /* GameViewController.swift */,
				79C61A8D22A7C415008D3609 /* Main.storyboard */,
				79C61A9022A7C415008D3609 /* Info.plist */,
			);
			path = "Quest tvOS";
			sourceTree = "<group>";
		};
		79C61A9622A7C415008D3609 /* Quest macOS */ = {
			isa = PBXGroup;
			children = (
				7929FC0322B0002D003C1964 /* Fenris.framework */,
				7929FBFB22AFBAE7003C1964 /* DungeonBuilder.framework */,
				79C61A9722A7C415008D3609 /* AppDelegate.swift */,
				79C61A9922A7C415008D3609 /* GameViewController.swift */,
				79C61A9B22A7C415008D3609 /* Main.storyboard */,
				79C61A9E22A7C415008D3609 /* Info.plist */,
				794864D022A7E48400F84A72 /* GameView.swift */,
			);
			path = "Quest macOS";
			sourceTree = "<group>";
		};
/* End PBXGroup section */

/* Begin PBXNativeTarget section */
		79C61A7422A7C415008D3609 /* Quest iOS */ = {
			isa = PBXNativeTarget;
			buildConfigurationList = 79C61AAD22A7C415008D3609 /* Build configuration list for PBXNativeTarget "Quest iOS" */;
			buildPhases = (
				79C61A7122A7C415008D3609 /* Sources */,
				79C61A7222A7C415008D3609 /* Frameworks */,
				79C61A7322A7C415008D3609 /* Resources */,
				7929FBFF22AFBB08003C1964 /* ShellScript */,
			);
			buildRules = (
			);
			dependencies = (
			);
			name = "Quest iOS";
			productName = "Quest iOS";
			productReference = 79C61A7522A7C415008D3609 /* Quest.app */;
			productType = "com.apple.product-type.application";
		};
		79C61A8622A7C415008D3609 /* Quest tvOS */ = {
			isa = PBXNativeTarget;
			buildConfigurationList = 79C61AB022A7C415008D3609 /* Build configuration list for PBXNativeTarget "Quest tvOS" */;
			buildPhases = (
				79C61A8322A7C415008D3609 /* Sources */,
				79C61A8422A7C415008D3609 /* Frameworks */,
				79C61A8522A7C415008D3609 /* Resources */,
				7929FC0022AFBB48003C1964 /* ShellScript */,
			);
			buildRules = (
			);
			dependencies = (
			);
			name = "Quest tvOS";
			productName = "Quest tvOS";
			productReference = 79C61A8722A7C415008D3609 /* Quest.app */;
			productType = "com.apple.product-type.application";
		};
		79C61A9422A7C415008D3609 /* Quest macOS */ = {
			isa = PBXNativeTarget;
			buildConfigurationList = 79C61AB322A7C415008D3609 /* Build configuration list for PBXNativeTarget "Quest macOS" */;
			buildPhases = (
				79C61A9122A7C415008D3609 /* Sources */,
				79C61A9222A7C415008D3609 /* Frameworks */,
				79C61A9322A7C415008D3609 /* Resources */,
				7929FC0122AFBB4E003C1964 /* ShellScript */,
			);
			buildRules = (
			);
			dependencies = (
			);
			name = "Quest macOS";
			productName = "Quest macOS";
			productReference = 79C61A9522A7C415008D3609 /* Quest.app */;
			productType = "com.apple.product-type.application";
		};
/* End PBXNativeTarget section */

/* Begin PBXProject section */
		79C61A6822A7C413008D3609 /* Project object */ = {
			isa = PBXProject;
			attributes = {
				LastSwiftUpdateCheck = 1020;
				LastUpgradeCheck = 1020;
				ORGANIZATIONNAME = Wolftrail;
				TargetAttributes = {
					79C61A7422A7C415008D3609 = {
						CreatedOnToolsVersion = 10.2.1;
					};
					79C61A8622A7C415008D3609 = {
						CreatedOnToolsVersion = 10.2.1;
					};
					79C61A9422A7C415008D3609 = {
						CreatedOnToolsVersion = 10.2.1;
					};
				};
			};
			buildConfigurationList = 79C61A6B22A7C413008D3609 /* Build configuration list for PBXProject "Quest" */;
			compatibilityVersion = "Xcode 9.3";
			developmentRegion = en;
			hasScannedForEncodings = 0;
			knownRegions = (
				en,
				Base,
			);
			mainGroup = 79C61A6722A7C413008D3609;
			productRefGroup = 79C61A7622A7C415008D3609 /* Products */;
			projectDirPath = "";
			projectRoot = "";
			targets = (
				79C61A7422A7C415008D3609 /* Quest iOS */,
				79C61A8622A7C415008D3609 /* Quest tvOS */,
				79C61A9422A7C415008D3609 /* Quest macOS */,
			);
		};
/* End PBXProject section */

/* Begin PBXResourcesBuildPhase section */
		79C61A7322A7C415008D3609 /* Resources */ = {
			isa = PBXResourcesBuildPhase;
			buildActionMask = 2147483647;
			files = (
				79C61A7E22A7C415008D3609 /* Main.storyboard in Resources */,
				79C61A8122A7C415008D3609 /* LaunchScreen.storyboard in Resources */,
				79ACC7DE22AA5BE900AC3BF0 /* Data in Resources */,
				797DBF7B22A91FA300D0F8E7 /* Sprites.xcassets in Resources */,
				79C61AA822A7C415008D3609 /* Assets.xcassets in Resources */,
			);
			runOnlyForDeploymentPostprocessing = 0;
		};
		79C61A8522A7C415008D3609 /* Resources */ = {
			isa = PBXResourcesBuildPhase;
			buildActionMask = 2147483647;
			files = (
				797DBF7C22A91FA300D0F8E7 /* Sprites.xcassets in Resources */,
				79C61A8F22A7C415008D3609 /* Main.storyboard in Resources */,
				79ACC7DF22AA5BE900AC3BF0 /* Data in Resources */,
				79C61AA922A7C415008D3609 /* Assets.xcassets in Resources */,
			);
			runOnlyForDeploymentPostprocessing = 0;
		};
		79C61A9322A7C415008D3609 /* Resources */ = {
			isa = PBXResourcesBuildPhase;
			buildActionMask = 2147483647;
			files = (
				797DBF7D22A91FA300D0F8E7 /* Sprites.xcassets in Resources */,
				79C61A9D22A7C415008D3609 /* Main.storyboard in Resources */,
				79ACC7E022AA5BE900AC3BF0 /* Data in Resources */,
				79C61AAA22A7C415008D3609 /* Assets.xcassets in Resources */,
			);
			runOnlyForDeploymentPostprocessing = 0;
		};
/* End PBXResourcesBuildPhase section */

/* Begin PBXShellScriptBuildPhase section */
		7929FBFF22AFBB08003C1964 /* ShellScript */ = {
			isa = PBXShellScriptBuildPhase;
			buildActionMask = 2147483647;
			files = (
			);
			inputFileListPaths = (
			);
			inputPaths = (
				"$(SRCROOT)/Carthage/Build/iOS/DungeonBuilder.framework",
				"$(SRCROOT)/Carthage/Build/iOS/Fenris.framework",
			);
			outputFileListPaths = (
			);
			outputPaths = (
				"$(BUILT_PRODUCTS_DIR)/$(FRAMEWORKS_FOLDER_PATH)/DungeonBuilder.framework",
				"$(BUILT_PRODUCTS_DIR)/$(FRAMEWORKS_FOLDER_PATH)/Fenris.framework",
			);
			runOnlyForDeploymentPostprocessing = 0;
			shellPath = /bin/sh;
			shellScript = "/usr/local/bin/carthage copy-frameworks\n";
		};
		7929FC0022AFBB48003C1964 /* ShellScript */ = {
			isa = PBXShellScriptBuildPhase;
			buildActionMask = 2147483647;
			files = (
			);
			inputFileListPaths = (
			);
			inputPaths = (
				"$(SRCROOT)/Carthage/Build/tvOS/DungeonBuilder.framework",
			);
			outputFileListPaths = (
			);
			outputPaths = (
			);
			runOnlyForDeploymentPostprocessing = 0;
			shellPath = /bin/sh;
			shellScript = "/usr/local/bin/carthage copy-frameworks\n";
		};
		7929FC0122AFBB4E003C1964 /* ShellScript */ = {
			isa = PBXShellScriptBuildPhase;
			buildActionMask = 2147483647;
			files = (
			);
			inputFileListPaths = (
			);
			inputPaths = (
				"$(SRCROOT)/Carthage/Build/Mac/DungeonBuilder.framework",
				"$(SRCROOT)/Carthage/Build/Mac/Fenris.framework",
			);
			outputFileListPaths = (
			);
			outputPaths = (
				"$(BUILT_PRODUCTS_DIR)/$(FRAMEWORKS_FOLDER_PATH)/DungeonBuilder.framework",
				"$(BUILT_PRODUCTS_DIR)/$(FRAMEWORKS_FOLDER_PATH)/Fenris.framework",
			);
			runOnlyForDeploymentPostprocessing = 0;
			shellPath = /bin/sh;
			shellScript = "/usr/local/bin/carthage copy-frameworks\n";
		};
/* End PBXShellScriptBuildPhase section */

/* Begin PBXSourcesBuildPhase section */
		79C61A7122A7C415008D3609 /* Sources */ = {
			isa = PBXSourcesBuildPhase;
			buildActionMask = 2147483647;
			files = (
				79ACC82A22AB81F000AC3BF0 /* JSONConstructable.swift in Sources */,
				7963DE3A239CE12A00183DF2 /* Race.swift in Sources */,
				7963DE52239E3D2A00183DF2 /* ActionBar.swift in Sources */,
				79C61AA522A7C415008D3609 /* GameScene.swift in Sources */,
				794864D322A7E60300F84A72 /* Game.swift in Sources */,
				79742A66239E5AF6008504E8 /* Shield.swift in Sources */,
				79742A6A239E60A7008504E8 /* Gender.swift in Sources */,
				79ACC81622AAB5D700AC3BF0 /* Weapon.swift in Sources */,
				79C61A7B22A7C415008D3609 /* GameViewController.swift in Sources */,
				797DBFBF22AF752D00D0F8E7 /* Actor.swift in Sources */,
				79ACC81E22AB473200AC3BF0 /* Action.swift in Sources */,
				79ACC7F122AA60E300AC3BF0 /* EntityFactory.swift in Sources */,
				7963DE4A239D092300183DF2 /* Equipment.swift in Sources */,
				79ACC81A22AAB6F100AC3BF0 /* HitDice.swift in Sources */,
				795746B322A7C59A00E04BEC /* Level.swift in Sources */,
				7963DE4E239DD2D600183DF2 /* HitPoints.swift in Sources */,
				7939187D22B9447C00CE069C /* SceneBuilder.swift in Sources */,
				7963DE3E239CE15700183DF2 /* Role.swift in Sources */,
				79423B7A239E99CC0042B9BD /* HeroBuilder.swift in Sources */,
				79C61A7922A7C415008D3609 /* AppDelegate.swift in Sources */,
				79ACC7FC22AAA4B800AC3BF0 /* Entity.swift in Sources */,
				7963DE46239D079300183DF2 /* Armor.swift in Sources */,
				7963DE57239E456900183DF2 /* ActionBarButton.swift in Sources */,
				79ACC7FF22AAA4B800AC3BF0 /* Monster.swift in Sources */,
				797DBFC322AF753B00D0F8E7 /* Hero.swift in Sources */,
				7963DE2E239CC35F00183DF2 /* DefaultMenuConfiguration.swift in Sources */,
				79ACC7ED22AA5D8700AC3BF0 /* EntityLoader.swift in Sources */,
				7963DE42239CEC6A00183DF2 /* Skill.swift in Sources */,
				7963DE32239CDE2600183DF2 /* Attribute.swift in Sources */,
				79ACC7E922AA5D5900AC3BF0 /* Tile.swift in Sources */,
				795746BB22A9029D00E04BEC /* Direction.swift in Sources */,
			);
			runOnlyForDeploymentPostprocessing = 0;
		};
		79C61A8322A7C415008D3609 /* Sources */ = {
			isa = PBXSourcesBuildPhase;
			buildActionMask = 2147483647;
			files = (
				79ACC82B22AB81F000AC3BF0 /* JSONConstructable.swift in Sources */,
				7963DE3B239CE12A00183DF2 /* Race.swift in Sources */,
				7963DE53239E3D2A00183DF2 /* ActionBar.swift in Sources */,
				79C61AA622A7C415008D3609 /* GameScene.swift in Sources */,
				794864D422A7E60300F84A72 /* Game.swift in Sources */,
				79742A67239E5AF6008504E8 /* Shield.swift in Sources */,
				79742A6B239E60A7008504E8 /* Gender.swift in Sources */,
				79ACC81722AAB5D700AC3BF0 /* Weapon.swift in Sources */,
				79C61A8C22A7C415008D3609 /* GameViewController.swift in Sources */,
				797DBFC022AF752D00D0F8E7 /* Actor.swift in Sources */,
				79ACC81F22AB473200AC3BF0 /* Action.swift in Sources */,
				79ACC7F222AA60E300AC3BF0 /* EntityFactory.swift in Sources */,
				7963DE4B239D092300183DF2 /* Equipment.swift in Sources */,
				79ACC81B22AAB6F100AC3BF0 /* HitDice.swift in Sources */,
				795746B422A7CA9800E04BEC /* Level.swift in Sources */,
				7963DE4F239DD2D600183DF2 /* HitPoints.swift in Sources */,
				7939187E22B9447C00CE069C /* SceneBuilder.swift in Sources */,
				7963DE3F239CE15700183DF2 /* Role.swift in Sources */,
				79423B7B239E99CC0042B9BD /* HeroBuilder.swift in Sources */,
				79C61A8A22A7C415008D3609 /* AppDelegate.swift in Sources */,
				79ACC7FD22AAA4B800AC3BF0 /* Entity.swift in Sources */,
				7963DE47239D079300183DF2 /* Armor.swift in Sources */,
				7963DE58239E456900183DF2 /* ActionBarButton.swift in Sources */,
				79ACC80022AAA4B800AC3BF0 /* Monster.swift in Sources */,
				797DBFC422AF753B00D0F8E7 /* Hero.swift in Sources */,
				7963DE2F239CC35F00183DF2 /* DefaultMenuConfiguration.swift in Sources */,
				79ACC7EE22AA5D8700AC3BF0 /* EntityLoader.swift in Sources */,
				7963DE43239CEC6A00183DF2 /* Skill.swift in Sources */,
				7963DE33239CDE2600183DF2 /* Attribute.swift in Sources */,
				79ACC7EA22AA5D5900AC3BF0 /* Tile.swift in Sources */,
				795746BC22A9029D00E04BEC /* Direction.swift in Sources */,
			);
			runOnlyForDeploymentPostprocessing = 0;
		};
		79C61A9122A7C415008D3609 /* Sources */ = {
			isa = PBXSourcesBuildPhase;
			buildActionMask = 2147483647;
			files = (
				7963DE3C239CE12A00183DF2 /* Race.swift in Sources */,
				79423B7C239E99CC0042B9BD /* HeroBuilder.swift in Sources */,
				79C61AA722A7C415008D3609 /* GameScene.swift in Sources */,
				794864D522A7E60300F84A72 /* Game.swift in Sources */,
				79ACC81C22AAB6F100AC3BF0 /* HitDice.swift in Sources */,
				79C61A9A22A7C415008D3609 /* GameViewController.swift in Sources */,
				79ACC82C22AB81F000AC3BF0 /* JSONConstructable.swift in Sources */,
				7963DE4C239D092300183DF2 /* Equipment.swift in Sources */,
				79ACC7EB22AA5D5900AC3BF0 /* Tile.swift in Sources */,
				79ACC80122AAA4B800AC3BF0 /* Monster.swift in Sources */,
				79ACC81822AAB5D700AC3BF0 /* Weapon.swift in Sources */,
				7939187F22B9447C00CE069C /* SceneBuilder.swift in Sources */,
				795746BD22A9029D00E04BEC /* Direction.swift in Sources */,
				797DBFC522AF753B00D0F8E7 /* Hero.swift in Sources */,
				79ACC82022AB473200AC3BF0 /* Action.swift in Sources */,
				79ACC7F322AA60E300AC3BF0 /* EntityFactory.swift in Sources */,
				7963DE30239CC35F00183DF2 /* DefaultMenuConfiguration.swift in Sources */,
				79742A68239E5AF6008504E8 /* Shield.swift in Sources */,
				795746B522A7CA9800E04BEC /* Level.swift in Sources */,
				7963DE40239CE15700183DF2 /* Role.swift in Sources */,
				79ACC7FE22AAA4B800AC3BF0 /* Entity.swift in Sources */,
				79C61A9822A7C415008D3609 /* AppDelegate.swift in Sources */,
				7963DE34239CDE2600183DF2 /* Attribute.swift in Sources */,
				794864D122A7E48400F84A72 /* GameView.swift in Sources */,
				7963DE59239E456900183DF2 /* ActionBarButton.swift in Sources */,
				7963DE48239D079300183DF2 /* Armor.swift in Sources */,
				7963DE44239CEC6A00183DF2 /* Skill.swift in Sources */,
				79ACC7EF22AA5D8700AC3BF0 /* EntityLoader.swift in Sources */,
				7963DE54239E3D2A00183DF2 /* ActionBar.swift in Sources */,
				7963DE50239DD2D600183DF2 /* HitPoints.swift in Sources */,
				797DBFC122AF752D00D0F8E7 /* Actor.swift in Sources */,
				79742A6C239E60A7008504E8 /* Gender.swift in Sources */,
			);
			runOnlyForDeploymentPostprocessing = 0;
		};
/* End PBXSourcesBuildPhase section */

/* Begin PBXVariantGroup section */
		79C61A7C22A7C415008D3609 /* Main.storyboard */ = {
			isa = PBXVariantGroup;
			children = (
				79C61A7D22A7C415008D3609 /* Base */,
			);
			name = Main.storyboard;
			sourceTree = "<group>";
		};
		79C61A7F22A7C415008D3609 /* LaunchScreen.storyboard */ = {
			isa = PBXVariantGroup;
			children = (
				79C61A8022A7C415008D3609 /* Base */,
			);
			name = LaunchScreen.storyboard;
			sourceTree = "<group>";
		};
		79C61A8D22A7C415008D3609 /* Main.storyboard */ = {
			isa = PBXVariantGroup;
			children = (
				79C61A8E22A7C415008D3609 /* Base */,
			);
			name = Main.storyboard;
			sourceTree = "<group>";
		};
		79C61A9B22A7C415008D3609 /* Main.storyboard */ = {
			isa = PBXVariantGroup;
			children = (
				79C61A9C22A7C415008D3609 /* Base */,
			);
			name = Main.storyboard;
			sourceTree = "<group>";
		};
/* End PBXVariantGroup section */

/* Begin XCBuildConfiguration section */
		79C61AAB22A7C415008D3609 /* Debug */ = {
			isa = XCBuildConfiguration;
			buildSettings = {
				ALWAYS_SEARCH_USER_PATHS = NO;
				CLANG_ANALYZER_NONNULL = YES;
				CLANG_ANALYZER_NUMBER_OBJECT_CONVERSION = YES_AGGRESSIVE;
				CLANG_CXX_LANGUAGE_STANDARD = "gnu++14";
				CLANG_CXX_LIBRARY = "libc++";
				CLANG_ENABLE_MODULES = YES;
				CLANG_ENABLE_OBJC_ARC = YES;
				CLANG_ENABLE_OBJC_WEAK = YES;
				CLANG_WARN_BLOCK_CAPTURE_AUTORELEASING = YES;
				CLANG_WARN_BOOL_CONVERSION = YES;
				CLANG_WARN_COMMA = YES;
				CLANG_WARN_CONSTANT_CONVERSION = YES;
				CLANG_WARN_DEPRECATED_OBJC_IMPLEMENTATIONS = YES;
				CLANG_WARN_DIRECT_OBJC_ISA_USAGE = YES_ERROR;
				CLANG_WARN_DOCUMENTATION_COMMENTS = YES;
				CLANG_WARN_EMPTY_BODY = YES;
				CLANG_WARN_ENUM_CONVERSION = YES;
				CLANG_WARN_INFINITE_RECURSION = YES;
				CLANG_WARN_INT_CONVERSION = YES;
				CLANG_WARN_NON_LITERAL_NULL_CONVERSION = YES;
				CLANG_WARN_OBJC_IMPLICIT_RETAIN_SELF = YES;
				CLANG_WARN_OBJC_LITERAL_CONVERSION = YES;
				CLANG_WARN_OBJC_ROOT_CLASS = YES_ERROR;
				CLANG_WARN_RANGE_LOOP_ANALYSIS = YES;
				CLANG_WARN_STRICT_PROTOTYPES = YES;
				CLANG_WARN_SUSPICIOUS_MOVE = YES;
				CLANG_WARN_UNGUARDED_AVAILABILITY = YES_AGGRESSIVE;
				CLANG_WARN_UNREACHABLE_CODE = YES;
				CLANG_WARN__DUPLICATE_METHOD_MATCH = YES;
				COPY_PHASE_STRIP = NO;
				DEBUG_INFORMATION_FORMAT = dwarf;
				ENABLE_STRICT_OBJC_MSGSEND = YES;
				ENABLE_TESTABILITY = YES;
				GCC_C_LANGUAGE_STANDARD = gnu11;
				GCC_DYNAMIC_NO_PIC = NO;
				GCC_NO_COMMON_BLOCKS = YES;
				GCC_OPTIMIZATION_LEVEL = 0;
				GCC_PREPROCESSOR_DEFINITIONS = (
					"DEBUG=1",
					"$(inherited)",
				);
				GCC_WARN_64_TO_32_BIT_CONVERSION = YES;
				GCC_WARN_ABOUT_RETURN_TYPE = YES_ERROR;
				GCC_WARN_UNDECLARED_SELECTOR = YES;
				GCC_WARN_UNINITIALIZED_AUTOS = YES_AGGRESSIVE;
				GCC_WARN_UNUSED_FUNCTION = YES;
				GCC_WARN_UNUSED_VARIABLE = YES;
				MTL_ENABLE_DEBUG_INFO = INCLUDE_SOURCE;
				MTL_FAST_MATH = YES;
				ONLY_ACTIVE_ARCH = YES;
				SWIFT_ACTIVE_COMPILATION_CONDITIONS = DEBUG;
				SWIFT_OPTIMIZATION_LEVEL = "-Onone";
			};
			name = Debug;
		};
		79C61AAC22A7C415008D3609 /* Release */ = {
			isa = XCBuildConfiguration;
			buildSettings = {
				ALWAYS_SEARCH_USER_PATHS = NO;
				CLANG_ANALYZER_NONNULL = YES;
				CLANG_ANALYZER_NUMBER_OBJECT_CONVERSION = YES_AGGRESSIVE;
				CLANG_CXX_LANGUAGE_STANDARD = "gnu++14";
				CLANG_CXX_LIBRARY = "libc++";
				CLANG_ENABLE_MODULES = YES;
				CLANG_ENABLE_OBJC_ARC = YES;
				CLANG_ENABLE_OBJC_WEAK = YES;
				CLANG_WARN_BLOCK_CAPTURE_AUTORELEASING = YES;
				CLANG_WARN_BOOL_CONVERSION = YES;
				CLANG_WARN_COMMA = YES;
				CLANG_WARN_CONSTANT_CONVERSION = YES;
				CLANG_WARN_DEPRECATED_OBJC_IMPLEMENTATIONS = YES;
				CLANG_WARN_DIRECT_OBJC_ISA_USAGE = YES_ERROR;
				CLANG_WARN_DOCUMENTATION_COMMENTS = YES;
				CLANG_WARN_EMPTY_BODY = YES;
				CLANG_WARN_ENUM_CONVERSION = YES;
				CLANG_WARN_INFINITE_RECURSION = YES;
				CLANG_WARN_INT_CONVERSION = YES;
				CLANG_WARN_NON_LITERAL_NULL_CONVERSION = YES;
				CLANG_WARN_OBJC_IMPLICIT_RETAIN_SELF = YES;
				CLANG_WARN_OBJC_LITERAL_CONVERSION = YES;
				CLANG_WARN_OBJC_ROOT_CLASS = YES_ERROR;
				CLANG_WARN_RANGE_LOOP_ANALYSIS = YES;
				CLANG_WARN_STRICT_PROTOTYPES = YES;
				CLANG_WARN_SUSPICIOUS_MOVE = YES;
				CLANG_WARN_UNGUARDED_AVAILABILITY = YES_AGGRESSIVE;
				CLANG_WARN_UNREACHABLE_CODE = YES;
				CLANG_WARN__DUPLICATE_METHOD_MATCH = YES;
				COPY_PHASE_STRIP = NO;
				DEBUG_INFORMATION_FORMAT = "dwarf-with-dsym";
				ENABLE_NS_ASSERTIONS = NO;
				ENABLE_STRICT_OBJC_MSGSEND = YES;
				GCC_C_LANGUAGE_STANDARD = gnu11;
				GCC_NO_COMMON_BLOCKS = YES;
				GCC_WARN_64_TO_32_BIT_CONVERSION = YES;
				GCC_WARN_ABOUT_RETURN_TYPE = YES_ERROR;
				GCC_WARN_UNDECLARED_SELECTOR = YES;
				GCC_WARN_UNINITIALIZED_AUTOS = YES_AGGRESSIVE;
				GCC_WARN_UNUSED_FUNCTION = YES;
				GCC_WARN_UNUSED_VARIABLE = YES;
				MTL_ENABLE_DEBUG_INFO = NO;
				MTL_FAST_MATH = YES;
				SWIFT_COMPILATION_MODE = wholemodule;
				SWIFT_OPTIMIZATION_LEVEL = "-O";
			};
			name = Release;
		};
		79C61AAE22A7C415008D3609 /* Debug */ = {
			isa = XCBuildConfiguration;
			buildSettings = {
				ASSETCATALOG_COMPILER_APPICON_NAME = AppIcon;
				CODE_SIGN_IDENTITY = "iPhone Developer";
				CODE_SIGN_STYLE = Automatic;
				DEVELOPMENT_TEAM = J6E64C67VU;
				FRAMEWORK_SEARCH_PATHS = (
					"$(inherited)",
					"$(PROJECT_DIR)/Carthage/Build/iOS",
				);
				INFOPLIST_FILE = "Quest iOS/Info.plist";
				IPHONEOS_DEPLOYMENT_TARGET = 12.2;
				LD_RUNPATH_SEARCH_PATHS = (
					"$(inherited)",
					"@executable_path/Frameworks",
				);
				PRODUCT_BUNDLE_IDENTIFIER = net.wolftrail.Quest;
				PRODUCT_NAME = Quest;
				SDKROOT = iphoneos;
				SWIFT_VERSION = 5.0;
				TARGETED_DEVICE_FAMILY = "1,2";
			};
			name = Debug;
		};
		79C61AAF22A7C415008D3609 /* Release */ = {
			isa = XCBuildConfiguration;
			buildSettings = {
				ASSETCATALOG_COMPILER_APPICON_NAME = AppIcon;
				CODE_SIGN_IDENTITY = "iPhone Developer";
				CODE_SIGN_STYLE = Automatic;
				DEVELOPMENT_TEAM = J6E64C67VU;
				FRAMEWORK_SEARCH_PATHS = (
					"$(inherited)",
					"$(PROJECT_DIR)/Carthage/Build/iOS",
				);
				INFOPLIST_FILE = "Quest iOS/Info.plist";
				IPHONEOS_DEPLOYMENT_TARGET = 12.2;
				LD_RUNPATH_SEARCH_PATHS = (
					"$(inherited)",
					"@executable_path/Frameworks",
				);
				PRODUCT_BUNDLE_IDENTIFIER = net.wolftrail.Quest;
				PRODUCT_NAME = Quest;
				SDKROOT = iphoneos;
				SWIFT_VERSION = 5.0;
				TARGETED_DEVICE_FAMILY = "1,2";
				VALIDATE_PRODUCT = YES;
			};
			name = Release;
		};
		79C61AB122A7C415008D3609 /* Debug */ = {
			isa = XCBuildConfiguration;
			buildSettings = {
				ASSETCATALOG_COMPILER_APPICON_NAME = "tvOS App Icon & Top Shelf Image";
				ASSETCATALOG_COMPILER_LAUNCHIMAGE_NAME = "tvOS LaunchImage";
				CODE_SIGN_STYLE = Automatic;
				DEVELOPMENT_TEAM = J6E64C67VU;
				FRAMEWORK_SEARCH_PATHS = (
					"$(inherited)",
					"$(PROJECT_DIR)/Carthage/Build/tvOS",
				);
				INFOPLIST_FILE = "Quest tvOS/Info.plist";
				LD_RUNPATH_SEARCH_PATHS = (
					"$(inherited)",
					"@executable_path/Frameworks",
				);
				PRODUCT_BUNDLE_IDENTIFIER = net.wolftrail.Quest;
				PRODUCT_NAME = Quest;
				SDKROOT = appletvos;
				SWIFT_VERSION = 5.0;
				TARGETED_DEVICE_FAMILY = 3;
				TVOS_DEPLOYMENT_TARGET = 12.2;
			};
			name = Debug;
		};
		79C61AB222A7C415008D3609 /* Release */ = {
			isa = XCBuildConfiguration;
			buildSettings = {
				ASSETCATALOG_COMPILER_APPICON_NAME = "tvOS App Icon & Top Shelf Image";
				ASSETCATALOG_COMPILER_LAUNCHIMAGE_NAME = "tvOS LaunchImage";
				CODE_SIGN_STYLE = Automatic;
				DEVELOPMENT_TEAM = J6E64C67VU;
				FRAMEWORK_SEARCH_PATHS = (
					"$(inherited)",
					"$(PROJECT_DIR)/Carthage/Build/tvOS",
				);
				INFOPLIST_FILE = "Quest tvOS/Info.plist";
				LD_RUNPATH_SEARCH_PATHS = (
					"$(inherited)",
					"@executable_path/Frameworks",
				);
				PRODUCT_BUNDLE_IDENTIFIER = net.wolftrail.Quest;
				PRODUCT_NAME = Quest;
				SDKROOT = appletvos;
				SWIFT_VERSION = 5.0;
				TARGETED_DEVICE_FAMILY = 3;
				TVOS_DEPLOYMENT_TARGET = 12.2;
				VALIDATE_PRODUCT = YES;
			};
			name = Release;
		};
		79C61AB422A7C415008D3609 /* Debug */ = {
			isa = XCBuildConfiguration;
			buildSettings = {
				ASSETCATALOG_COMPILER_APPICON_NAME = AppIcon;
				CODE_SIGN_IDENTITY = "-";
				CODE_SIGN_STYLE = Automatic;
				COMBINE_HIDPI_IMAGES = YES;
				DEVELOPMENT_TEAM = J6E64C67VU;
				FRAMEWORK_SEARCH_PATHS = (
					"$(inherited)",
					"$(PROJECT_DIR)/Carthage/Build/Mac",
				);
				INFOPLIST_FILE = "Quest macOS/Info.plist";
				LD_RUNPATH_SEARCH_PATHS = (
					"$(inherited)",
					"@executable_path/../Frameworks",
				);
				MACOSX_DEPLOYMENT_TARGET = 10.14;
				PRODUCT_BUNDLE_IDENTIFIER = net.wolftrail.Quest;
				PRODUCT_NAME = Quest;
				SDKROOT = macosx;
				SWIFT_VERSION = 5.0;
			};
			name = Debug;
		};
		79C61AB522A7C415008D3609 /* Release */ = {
			isa = XCBuildConfiguration;
			buildSettings = {
				ASSETCATALOG_COMPILER_APPICON_NAME = AppIcon;
				CODE_SIGN_IDENTITY = "-";
				CODE_SIGN_STYLE = Automatic;
				COMBINE_HIDPI_IMAGES = YES;
				DEVELOPMENT_TEAM = J6E64C67VU;
				FRAMEWORK_SEARCH_PATHS = (
					"$(inherited)",
					"$(PROJECT_DIR)/Carthage/Build/Mac",
				);
				INFOPLIST_FILE = "Quest macOS/Info.plist";
				LD_RUNPATH_SEARCH_PATHS = (
					"$(inherited)",
					"@executable_path/../Frameworks",
				);
				MACOSX_DEPLOYMENT_TARGET = 10.14;
				PRODUCT_BUNDLE_IDENTIFIER = net.wolftrail.Quest;
				PRODUCT_NAME = Quest;
				SDKROOT = macosx;
				SWIFT_VERSION = 5.0;
			};
			name = Release;
		};
/* End XCBuildConfiguration section */

/* Begin XCConfigurationList section */
		79C61A6B22A7C413008D3609 /* Build configuration list for PBXProject "Quest" */ = {
			isa = XCConfigurationList;
			buildConfigurations = (
				79C61AAB22A7C415008D3609 /* Debug */,
				79C61AAC22A7C415008D3609 /* Release */,
			);
			defaultConfigurationIsVisible = 0;
			defaultConfigurationName = Release;
		};
		79C61AAD22A7C415008D3609 /* Build configuration list for PBXNativeTarget "Quest iOS" */ = {
			isa = XCConfigurationList;
			buildConfigurations = (
				79C61AAE22A7C415008D3609 /* Debug */,
				79C61AAF22A7C415008D3609 /* Release */,
			);
			defaultConfigurationIsVisible = 0;
			defaultConfigurationName = Release;
		};
		79C61AB022A7C415008D3609 /* Build configuration list for PBXNativeTarget "Quest tvOS" */ = {
			isa = XCConfigurationList;
			buildConfigurations = (
				79C61AB122A7C415008D3609 /* Debug */,
				79C61AB222A7C415008D3609 /* Release */,
			);
			defaultConfigurationIsVisible = 0;
			defaultConfigurationName = Release;
		};
		79C61AB322A7C415008D3609 /* Build configuration list for PBXNativeTarget "Quest macOS" */ = {
			isa = XCConfigurationList;
			buildConfigurations = (
				79C61AB422A7C415008D3609 /* Debug */,
				79C61AB522A7C415008D3609 /* Release */,
			);
			defaultConfigurationIsVisible = 0;
			defaultConfigurationName = Release;
		};
/* End XCConfigurationList section */
	};
	rootObject = 79C61A6822A7C413008D3609 /* Project object */;
}
